{
  "name": "carbon-emission-test",
  "version": "1.0.0",
  "lockfileVersion": 3,
  "requires": true,
  "packages": {
    "": {
      "name": "carbon-emission-test",
      "version": "1.0.0",
      "license": "ISC",
      "dependencies": {
        "greenframe": "^20.0.0"
      }
    },
    "node_modules/greenframe": {
      "version": "20.0.0",
      "resolved": "https://registry.npmjs.org/greenframe/-/greenframe-20.0.0.tgz",
      "integrity": "sha512-crPO/x/Xh03e29ujeLD16jsww9zq4vdfxulmUEcA23mj60k2unYbtLSKNPkEv1aIjiVamNcEuO7W/dijpMxqTw=="
    }
  }
}
